
Microsoft Visual Studio Solution File, Format Version 12.00
# Visual Studio 15
VisualStudioVersion = 15.0.28307.271
MinimumVisualStudioVersion = 10.0.40219.1
Project("{FAE04EC0-301F-11D3-BF4B-00C04F79EFBC}") = "Calculator", "Calculator\Calculator.csproj", "{3DD20B41-30BF-4FCF-BB3E-B68A38BFD068}"
EndProject
Project("{9A19103F-16F7-4668-BE54-9A1E7A4F7556}") = "MathClassUnitTests", "MathClassUnitTests\MathClassUnitTests.csproj", "{17E0E2D9-B51F-4036-A456-28E1ACCF336A}"
EndProject
Project("{FAE04EC0-301F-11D3-BF4B-00C04F79EFBC}") = "MathClassUnitTestProj", "MathClassUnitTestProj\MathClassUnitTestProj.csproj", "{2199F2F5-CDCE-4383-9242-A66C7FDB54EB}"
EndProject
Global
	GlobalSection(SolutionConfigurationPlatforms) = preSolution
		Debug|Any CPU = Debug|Any CPU
		Release|Any CPU = Release|Any CPU
	EndGlobalSection
	GlobalSection(ProjectConfigurationPlatforms) = postSolution
		{3DD20B41-30BF-4FCF-BB3E-B68A38BFD068}.Debug|Any CPU.ActiveCfg = Debug|Any CPU
		{3DD20B41-30BF-4FCF-BB3E-B68A38BFD068}.Debug|Any CPU.Build.0 = Debug|Any CPU
		{3DD20B41-30BF-4FCF-BB3E-B68A38BFD068}.Release|Any CPU.ActiveCfg = Release|Any CPU
		{3DD20B41-30BF-4FCF-BB3E-B68A38BFD068}.Release|Any CPU.Build.0 = Release|Any CPU
		{17E0E2D9-B51F-4036-A456-28E1ACCF336A}.Debug|Any CPU.ActiveCfg = Debug|Any CPU
		{17E0E2D9-B51F-4036-A456-28E1ACCF336A}.Debug|Any CPU.Build.0 = Debug|Any CPU
		{17E0E2D9-B51F-4036-A456-28E1ACCF336A}.Release|Any CPU.ActiveCfg = Release|Any CPU
		{17E0E2D9-B51F-4036-A456-28E1ACCF336A}.Release|Any CPU.Build.0 = Release|Any CPU
		{2199F2F5-CDCE-4383-9242-A66C7FDB54EB}.Debug|Any CPU.ActiveCfg = Debug|Any CPU
		{2199F2F5-CDCE-4383-9242-A66C7FDB54EB}.Debug|Any CPU.Build.0 = Debug|Any CPU
		{2199F2F5-CDCE-4383-9242-A66C7FDB54EB}.Release|Any CPU.ActiveCfg = Release|Any CPU
		{2199F2F5-CDCE-4383-9242-A66C7FDB54EB}.Release|Any CPU.Build.0 = Release|Any CPU
	EndGlobalSection
	GlobalSection(SolutionProperties) = preSolution
		HideSolutionNode = FALSE
	EndGlobalSection
	GlobalSection(ExtensibilityGlobals) = postSolution
		SolutionGuid = {E3DC684F-FC67-4415-B999-7AB6310CD937}
	EndGlobalSection
EndGlobal
